
Microsoft Visual Studio Solution File, Format Version 12.00
# Visual Studio Version 17
VisualStudioVersion = 17.4.33205.214
MinimumVisualStudioVersion = 10.0.40219.1
Project("{FAE04EC0-301F-11D3-BF4B-00C04F79EFBC}") = "SwerveVisualizer", "SwerveVisualizer.csproj", "{17550304-1766-41FE-8FFA-99FF6828BF8A}"
EndProject
Global
	GlobalSection(SolutionConfigurationPlatforms) = preSolution
		Debug|Any CPU = Debug|Any CPU
		Release|Any CPU = Release|Any CPU
	EndGlobalSection
	GlobalSection(ProjectConfigurationPlatforms) = postSolution
		{17550304-1766-41FE-8FFA-99FF6828BF8A}.Debug|Any CPU.ActiveCfg = Debug|Any CPU
		{17550304-1766-41FE-8FFA-99FF6828BF8A}.Debug|Any CPU.Build.0 = Debug|Any CPU
		{17550304-1766-41FE-8FFA-99FF6828BF8A}.Release|Any CPU.ActiveCfg = Release|Any CPU
		{17550304-1766-41FE-8FFA-99FF6828BF8A}.Release|Any CPU.Build.0 = Release|Any CPU
	EndGlobalSection
	GlobalSection(SolutionProperties) = preSolution
		HideSolutionNode = FALSE
	EndGlobalSection
	GlobalSection(ExtensibilityGlobals) = postSolution
		SolutionGuid = {A10E99EE-4D81-4D40-B9BF-441623AD190F}
	EndGlobalSection
EndGlobal
